
Microsoft Visual Studio Solution File, Format Version 12.00
# Visual Studio Version 17
VisualStudioVersion = 17.8.34330.188
MinimumVisualStudioVersion = 10.0.40219.1
Project("{FAE04EC0-301F-11D3-BF4B-00C04F79EFBC}") = "ConProOne", "ConProOne.csproj", "{05177BDA-31A6-457A-8D32-E8ED107AA6FE}"
EndProject
Global
	GlobalSection(SolutionConfigurationPlatforms) = preSolution
		Debug|Any CPU = Debug|Any CPU
		Release|Any CPU = Release|Any CPU
	EndGlobalSection
	GlobalSection(ProjectConfigurationPlatforms) = postSolution
		{05177BDA-31A6-457A-8D32-E8ED107AA6FE}.Debug|Any CPU.ActiveCfg = Debug|Any CPU
		{05177BDA-31A6-457A-8D32-E8ED107AA6FE}.Debug|Any CPU.Build.0 = Debug|Any CPU
		{05177BDA-31A6-457A-8D32-E8ED107AA6FE}.Release|Any CPU.ActiveCfg = Release|Any CPU
		{05177BDA-31A6-457A-8D32-E8ED107AA6FE}.Release|Any CPU.Build.0 = Release|Any CPU
	EndGlobalSection
	GlobalSection(SolutionProperties) = preSolution
		HideSolutionNode = FALSE
	EndGlobalSection
	GlobalSection(ExtensibilityGlobals) = postSolution
		SolutionGuid = {5DB79A79-A1DD-49F5-BA5F-A7FF164095CD}
	EndGlobalSection
EndGlobal
